
Microsoft Visual Studio Solution File, Format Version 12.00
# Visual Studio Version 17
VisualStudioVersion = 17.1.31911.260
MinimumVisualStudioVersion = 10.0.40219.1
Project("{9A19103F-16F7-4668-BE54-9A1E7A4F7556}") = "SATInterface", "SATInterface\SATInterface.csproj", "{1F113811-88B8-417A-8D4A-F4D9A33887AF}"
EndProject
Project("{9A19103F-16F7-4668-BE54-9A1E7A4F7556}") = "MagicSquare", "MagicSquare\MagicSquare.csproj", "{97B9328A-F8F8-42BD-948A-E182AEF4BC31}"
EndProject
Project("{9A19103F-16F7-4668-BE54-9A1E7A4F7556}") = "Sudoku", "Sudoku\Sudoku.csproj", "{A3BB87AD-22AC-4276-8CD9-EE50EDCA7644}"
EndProject
Project("{2150E333-8FDC-42A3-9474-1A3956D46DE8}") = "Solution Items", "Solution Items", "{50BF8A3D-8935-4BAE-B9C5-078B4AAC38B1}"
EndProject
Project("{9A19103F-16F7-4668-BE54-9A1E7A4F7556}") = "Maximize", "Maximize\Maximize.csproj", "{D88FD43B-7C7C-4D38-ABD1-5D6932E7A245}"
EndProject
Project("{9A19103F-16F7-4668-BE54-9A1E7A4F7556}") = "Tests", "Tests\Tests.csproj", "{9498A0F7-65E8-4984-8888-3A9135B881E3}"
EndProject
Project("{9A19103F-16F7-4668-BE54-9A1E7A4F7556}") = "MaxMaze", "MaxMaze\MaxMaze.csproj", "{F8AA5189-E0C7-4086-B1DE-D89410AD4F71}"
EndProject
Project("{9A19103F-16F7-4668-BE54-9A1E7A4F7556}") = "PCB", "PCB\PCB.csproj", "{D4DE7FCD-336D-45CE-8673-14D877508732}"
EndProject
Project("{9A19103F-16F7-4668-BE54-9A1E7A4F7556}") = "CornerTilePacking", "CornerTilePacking\CornerTilePacking.csproj", "{FEC7EC17-5378-4F92-887F-92B2AA187392}"
EndProject
Project("{9A19103F-16F7-4668-BE54-9A1E7A4F7556}") = "BrentEquations", "BrentEquations\BrentEquations.csproj", "{0DCC5474-6A03-45BB-A670-C58B77539130}"
EndProject
Project("{9A19103F-16F7-4668-BE54-9A1E7A4F7556}") = "FloorTiling", "FloorTiling\FloorTiling.csproj", "{E5101855-5DD5-4442-8DB8-045DF811641B}"
EndProject
Project("{9A19103F-16F7-4668-BE54-9A1E7A4F7556}") = "Superpermutation", "Superpermutation\Superpermutation.csproj", "{B74679FB-809C-4335-A161-368E851971CC}"
EndProject
Project("{9A19103F-16F7-4668-BE54-9A1E7A4F7556}") = "ParkerSquare", "ParkerSquare\ParkerSquare.csproj", "{2220C5C8-5217-42F2-996C-1DADED8F17CA}"
EndProject
Project("{FAE04EC0-301F-11D3-BF4B-00C04F79EFBC}") = "EternityII", "EternityII\EternityII.csproj", "{A8951974-B4BE-4E97-B2B1-62E15014AD89}"
EndProject
Global
	GlobalSection(SolutionConfigurationPlatforms) = preSolution
		Debug|Any CPU = Debug|Any CPU
		Release|Any CPU = Release|Any CPU
	EndGlobalSection
	GlobalSection(ProjectConfigurationPlatforms) = postSolution
		{1F113811-88B8-417A-8D4A-F4D9A33887AF}.Debug|Any CPU.ActiveCfg = Debug|Any CPU
		{1F113811-88B8-417A-8D4A-F4D9A33887AF}.Debug|Any CPU.Build.0 = Debug|Any CPU
		{1F113811-88B8-417A-8D4A-F4D9A33887AF}.Release|Any CPU.ActiveCfg = Release|Any CPU
		{1F113811-88B8-417A-8D4A-F4D9A33887AF}.Release|Any CPU.Build.0 = Release|Any CPU
		{97B9328A-F8F8-42BD-948A-E182AEF4BC31}.Debug|Any CPU.ActiveCfg = Debug|Any CPU
		{97B9328A-F8F8-42BD-948A-E182AEF4BC31}.Debug|Any CPU.Build.0 = Debug|Any CPU
		{97B9328A-F8F8-42BD-948A-E182AEF4BC31}.Release|Any CPU.ActiveCfg = Release|Any CPU
		{97B9328A-F8F8-42BD-948A-E182AEF4BC31}.Release|Any CPU.Build.0 = Release|Any CPU
		{A3BB87AD-22AC-4276-8CD9-EE50EDCA7644}.Debug|Any CPU.ActiveCfg = Debug|Any CPU
		{A3BB87AD-22AC-4276-8CD9-EE50EDCA7644}.Debug|Any CPU.Build.0 = Debug|Any CPU
		{A3BB87AD-22AC-4276-8CD9-EE50EDCA7644}.Release|Any CPU.ActiveCfg = Release|Any CPU
		{A3BB87AD-22AC-4276-8CD9-EE50EDCA7644}.Release|Any CPU.Build.0 = Release|Any CPU
		{D88FD43B-7C7C-4D38-ABD1-5D6932E7A245}.Debug|Any CPU.ActiveCfg = Debug|Any CPU
		{D88FD43B-7C7C-4D38-ABD1-5D6932E7A245}.Debug|Any CPU.Build.0 = Debug|Any CPU
		{D88FD43B-7C7C-4D38-ABD1-5D6932E7A245}.Release|Any CPU.ActiveCfg = Release|Any CPU
		{D88FD43B-7C7C-4D38-ABD1-5D6932E7A245}.Release|Any CPU.Build.0 = Release|Any CPU
		{9498A0F7-65E8-4984-8888-3A9135B881E3}.Debug|Any CPU.ActiveCfg = Debug|Any CPU
		{9498A0F7-65E8-4984-8888-3A9135B881E3}.Debug|Any CPU.Build.0 = Debug|Any CPU
		{9498A0F7-65E8-4984-8888-3A9135B881E3}.Release|Any CPU.ActiveCfg = Release|Any CPU
		{9498A0F7-65E8-4984-8888-3A9135B881E3}.Release|Any CPU.Build.0 = Release|Any CPU
		{F8AA5189-E0C7-4086-B1DE-D89410AD4F71}.Debug|Any CPU.ActiveCfg = Debug|Any CPU
		{F8AA5189-E0C7-4086-B1DE-D89410AD4F71}.Debug|Any CPU.Build.0 = Debug|Any CPU
		{F8AA5189-E0C7-4086-B1DE-D89410AD4F71}.Release|Any CPU.ActiveCfg = Release|Any CPU
		{F8AA5189-E0C7-4086-B1DE-D89410AD4F71}.Release|Any CPU.Build.0 = Release|Any CPU
		{D4DE7FCD-336D-45CE-8673-14D877508732}.Debug|Any CPU.ActiveCfg = Debug|Any CPU
		{D4DE7FCD-336D-45CE-8673-14D877508732}.Debug|Any CPU.Build.0 = Debug|Any CPU
		{D4DE7FCD-336D-45CE-8673-14D877508732}.Release|Any CPU.ActiveCfg = Release|Any CPU
		{D4DE7FCD-336D-45CE-8673-14D877508732}.Release|Any CPU.Build.0 = Release|Any CPU
		{FEC7EC17-5378-4F92-887F-92B2AA187392}.Debug|Any CPU.ActiveCfg = Debug|Any CPU
		{FEC7EC17-5378-4F92-887F-92B2AA187392}.Debug|Any CPU.Build.0 = Debug|Any CPU
		{FEC7EC17-5378-4F92-887F-92B2AA187392}.Release|Any CPU.ActiveCfg = Release|Any CPU
		{FEC7EC17-5378-4F92-887F-92B2AA187392}.Release|Any CPU.Build.0 = Release|Any CPU
		{0DCC5474-6A03-45BB-A670-C58B77539130}.Debug|Any CPU.ActiveCfg = Debug|Any CPU
		{0DCC5474-6A03-45BB-A670-C58B77539130}.Debug|Any CPU.Build.0 = Debug|Any CPU
		{0DCC5474-6A03-45BB-A670-C58B77539130}.Release|Any CPU.ActiveCfg = Release|Any CPU
		{0DCC5474-6A03-45BB-A670-C58B77539130}.Release|Any CPU.Build.0 = Release|Any CPU
		{E5101855-5DD5-4442-8DB8-045DF811641B}.Debug|Any CPU.ActiveCfg = Debug|Any CPU
		{E5101855-5DD5-4442-8DB8-045DF811641B}.Debug|Any CPU.Build.0 = Debug|Any CPU
		{E5101855-5DD5-4442-8DB8-045DF811641B}.Release|Any CPU.ActiveCfg = Release|Any CPU
		{E5101855-5DD5-4442-8DB8-045DF811641B}.Release|Any CPU.Build.0 = Release|Any CPU
		{B74679FB-809C-4335-A161-368E851971CC}.Debug|Any CPU.ActiveCfg = Debug|Any CPU
		{B74679FB-809C-4335-A161-368E851971CC}.Debug|Any CPU.Build.0 = Debug|Any CPU
		{B74679FB-809C-4335-A161-368E851971CC}.Release|Any CPU.ActiveCfg = Release|Any CPU
		{B74679FB-809C-4335-A161-368E851971CC}.Release|Any CPU.Build.0 = Release|Any CPU
		{2220C5C8-5217-42F2-996C-1DADED8F17CA}.Debug|Any CPU.ActiveCfg = Debug|Any CPU
		{2220C5C8-5217-42F2-996C-1DADED8F17CA}.Debug|Any CPU.Build.0 = Debug|Any CPU
		{2220C5C8-5217-42F2-996C-1DADED8F17CA}.Release|Any CPU.ActiveCfg = Release|Any CPU
		{2220C5C8-5217-42F2-996C-1DADED8F17CA}.Release|Any CPU.Build.0 = Release|Any CPU
		{A8951974-B4BE-4E97-B2B1-62E15014AD89}.Debug|Any CPU.ActiveCfg = Debug|Any CPU
		{A8951974-B4BE-4E97-B2B1-62E15014AD89}.Debug|Any CPU.Build.0 = Debug|Any CPU
		{A8951974-B4BE-4E97-B2B1-62E15014AD89}.Release|Any CPU.ActiveCfg = Release|Any CPU
		{A8951974-B4BE-4E97-B2B1-62E15014AD89}.Release|Any CPU.Build.0 = Release|Any CPU
	EndGlobalSection
	GlobalSection(SolutionProperties) = preSolution
		HideSolutionNode = FALSE
	EndGlobalSection
	GlobalSection(ExtensibilityGlobals) = postSolution
		SolutionGuid = {3E704075-4493-4508-BDA5-670065E4A80F}
	EndGlobalSection
	GlobalSection(Performance) = preSolution
		HasPerformanceSessions = true
	EndGlobalSection
	GlobalSection(Performance) = preSolution
		HasPerformanceSessions = true
	EndGlobalSection
	GlobalSection(Performance) = preSolution
		HasPerformanceSessions = true
	EndGlobalSection
	GlobalSection(Performance) = preSolution
		HasPerformanceSessions = true
	EndGlobalSection
	GlobalSection(Performance) = preSolution
		HasPerformanceSessions = true
	EndGlobalSection
	GlobalSection(Performance) = preSolution
		HasPerformanceSessions = true
	EndGlobalSection
	GlobalSection(Performance) = preSolution
		HasPerformanceSessions = true
	EndGlobalSection
	GlobalSection(Performance) = preSolution
		HasPerformanceSessions = true
	EndGlobalSection
EndGlobal
